github.com/andrianbdn/iospng v0.0.0-20180730113000-dccef1992541 h1:PlePBgD++64Pjmo5HtrBuBxt1oWTUkc0PzrrLk822uA=
github.com/andrianbdn/iospng v0.0.0-20180730113000-dccef1992541/go.mod h1:Ct7Kf2zP3u3uzYRRwayZEwtAQGJ2leVXiR6DQI9IqPo=
github.com/chenyu1990/go-plist v0.0.0-20240112081608-ef56d5bc9b6e h1:VfY6UrT0BJw1KbBs9W4JMy4Jg1vdLmatoP4Jv0GM2vA=
github.com/chenyu1990/go-plist v0.0.0-20240112081608-ef56d5bc9b6e/go.mod h1:7bNMQ6Q8JbD2Zx2HJl4lFUSWKZH8V+ODPC417ZJvM6E=
github.com/jessevdk/go-flags v1.4.0/go.mod h1:4FA24M0QyGHXBuZZK/XkWh8h0e1EYbRYJSGM75WSRxI=
github.com/shogo82148/androidbinary v1.0.5 h1:7afvcNw+vT84R0ugrL/u/DIrGYylC66yNvt0Y0j7rrM=
github.com/shogo82148/androidbinary v1.0.5/go.mod h1:FzpR5bLAXR3VsAUG4BRCFaUm0WV6YD4Ldu+m05tr9Vk=
gopkg.in/check.v1 v0.0.0-20161208181325-20d25e280405/go.mod h1:Co6ibVJAznAaIkqp8huTwlJQCZ016jof/cbN4VW5Yz0=
gopkg.in/yaml.v1 v1.0.0-20140924161607-9f9df34309c0/go.mod h1:WDnlLJ4WF5VGsH/HVa3CI79GS0ol3YnhVnKP89i0kNg=
